
Microsoft Visual Studio Solution File, Format Version 12.00
# Visual Studio Version 17
VisualStudioVersion = 17.8.34330.188
MinimumVisualStudioVersion = 10.0.40219.1
Project("{FAE04EC0-301F-11D3-BF4B-00C04F79EFBC}") = "Creating Classes - Lab 1", "Creating Classes - Lab 1\Creating Classes - Lab 1.csproj", "{A14904E6-8527-4ECD-9F3C-59D80885E676}"
EndProject
Global
	GlobalSection(SolutionConfigurationPlatforms) = preSolution
		Debug|Any CPU = Debug|Any CPU
		Release|Any CPU = Release|Any CPU
	EndGlobalSection
	GlobalSection(ProjectConfigurationPlatforms) = postSolution
		{A14904E6-8527-4ECD-9F3C-59D80885E676}.Debug|Any CPU.ActiveCfg = Debug|Any CPU
		{A14904E6-8527-4ECD-9F3C-59D80885E676}.Debug|Any CPU.Build.0 = Debug|Any CPU
		{A14904E6-8527-4ECD-9F3C-59D80885E676}.Release|Any CPU.ActiveCfg = Release|Any CPU
		{A14904E6-8527-4ECD-9F3C-59D80885E676}.Release|Any CPU.Build.0 = Release|Any CPU
	EndGlobalSection
	GlobalSection(SolutionProperties) = preSolution
		HideSolutionNode = FALSE
	EndGlobalSection
	GlobalSection(ExtensibilityGlobals) = postSolution
		SolutionGuid = {A630D9B9-EDF7-42F9-BCFA-E35FCB29638A}
	EndGlobalSection
EndGlobal
